Microsoft Visual Studio Solution File, Format Version 12.00
# Visual Studio Version 17
VisualStudioVersion = 17.5.2.0
MinimumVisualStudioVersion = 10.0.40219.1
Project("{FAE04EC0-301F-11D3-BF4B-00C04F79EFBC}") = "Flowganized", "Flowganized\Flowganized.csproj", "{FC7E3697-07C6-CBC4-040B-008D0B189731}"
EndProject
Global
	GlobalSection(SolutionConfigurationPlatforms) = preSolution
		Debug|Any CPU = Debug|Any CPU
		Release|Any CPU = Release|Any CPU
	EndGlobalSection
	GlobalSection(ProjectConfigurationPlatforms) = postSolution
		{FC7E3697-07C6-CBC4-040B-008D0B189731}.Debug|Any CPU.ActiveCfg = Debug|Any CPU
		{FC7E3697-07C6-CBC4-040B-008D0B189731}.Debug|Any CPU.Build.0 = Debug|Any CPU
		{FC7E3697-07C6-CBC4-040B-008D0B189731}.Release|Any CPU.ActiveCfg = Release|Any CPU
		{FC7E3697-07C6-CBC4-040B-008D0B189731}.Release|Any CPU.Build.0 = Release|Any CPU
	EndGlobalSection
	GlobalSection(SolutionProperties) = preSolution
		HideSolutionNode = FALSE
	EndGlobalSection
	GlobalSection(ExtensibilityGlobals) = postSolution
		SolutionGuid = {B50413F0-15A7-4E7B-9400-1FEBF3FEF1B0}
	EndGlobalSection
EndGlobal
