Microsoft Visual Studio Solution File, Format Version 12.00
# Visual Studio Version 17
VisualStudioVersion = 17.5.2.0
MinimumVisualStudioVersion = 10.0.40219.1
Project("{FAE04EC0-301F-11D3-BF4B-00C04F79EFBC}") = "Flowganized", "Flowganized.csproj", "{BC622F24-65FF-1E92-159E-99E06406CF4D}"
EndProject
Global
	GlobalSection(SolutionConfigurationPlatforms) = preSolution
		Debug|Any CPU = Debug|Any CPU
		Release|Any CPU = Release|Any CPU
	EndGlobalSection
	GlobalSection(ProjectConfigurationPlatforms) = postSolution
		{BC622F24-65FF-1E92-159E-99E06406CF4D}.Debug|Any CPU.ActiveCfg = Debug|Any CPU
		{BC622F24-65FF-1E92-159E-99E06406CF4D}.Debug|Any CPU.Build.0 = Debug|Any CPU
		{BC622F24-65FF-1E92-159E-99E06406CF4D}.Release|Any CPU.ActiveCfg = Release|Any CPU
		{BC622F24-65FF-1E92-159E-99E06406CF4D}.Release|Any CPU.Build.0 = Release|Any CPU
	EndGlobalSection
	GlobalSection(SolutionProperties) = preSolution
		HideSolutionNode = FALSE
	EndGlobalSection
	GlobalSection(ExtensibilityGlobals) = postSolution
		SolutionGuid = {59195D53-40FF-4582-A71B-5154BE44FE9C}
	EndGlobalSection
EndGlobal
